// !$*UTF8*$!
{
	archiveVersion = 1;
	classes = {
	};
	objectVersion = 46;
	objects = {

/* Begin PBXBuildFile section */
		83E27A521E07DA7E000FE536 /* main.m in Sources */ = {isa = PBXBuildFile; fileRef = 83E27A511E07DA7E000FE536 /* main.m */; };
		83E27A551E07DA7E000FE536 /* AppDelegate.m in Sources */ = {isa = PBXBuildFile; fileRef = 83E27A541E07DA7E000FE536 /* AppDelegate.m */; };
		83E27A581E07DA7E000FE536 /* ViewController.m in Sources */ = {isa = PBXBuildFile; fileRef = 83E27A571E07DA7E000FE536 /* ViewController.m */; };
		83E27A5B1E07DA7E000FE536 /* Main.storyboard in Resources */ = {isa = PBXBuildFile; fileRef = 83E27A591E07DA7E000FE536 /* Main.storyboard */; };
		83E27A5D1E07DA7E000FE536 /* Assets.xcassets in Resources */ = {isa = PBXBuildFile; fileRef = 83E27A5C1E07DA7E000FE536 /* Assets.xcassets */; };
		83E27A601E07DA7E000FE536 /* LaunchScreen.storyboard in Resources */ = {isa = PBXBuildFile; fileRef = 83E27A5E1E07DA7E000FE536 /* LaunchScreen.storyboard */; };
		83E27A6B1E07DAFE000FE536 /* LZRouterManager.m in Sources */ = {isa = PBXBuildFile; fileRef = 83E27A691E07DAFE000FE536 /* LZRouterManager.m */; };
		83E27A6C1E07DAFE000FE536 /* LZRouterManager.plist in Resources */ = {isa = PBXBuildFile; fileRef = 83E27A6A1E07DAFE000FE536 /* LZRouterManager.plist */; };
		83E27A6F1E07DBEC000FE536 /* Test1ViewController.m in Sources */ = {isa = PBXBuildFile; fileRef = 83E27A6E1E07DBEC000FE536 /* Test1ViewController.m */; };
		83E27A721E07DC42000FE536 /* Test2ViewController.m in Sources */ = {isa = PBXBuildFile; fileRef = 83E27A711E07DC42000FE536 /* Test2ViewController.m */; };
/* End PBXBuildFile section */

/* Begin PBXFileReference section */
		83E27A4D1E07DA7E000FE536 /* LZRouterManager.app */ = {isa = PBXFileReference; explicitFileType = wrapper.application; includeInIndex = 0; path = LZRouterManager.app; sourceTree = BUILT_PRODUCTS_DIR; };
		83E27A511E07DA7E000FE536 /* main.m */ = {isa = PBXFileReference; lastKnownFileType = sourcecode.c.objc; path = main.m; sourceTree = "<group>"; };
		83E27A531E07DA7E000FE536 /* AppDelegate.h */ = {isa = PBXFileReference; lastKnownFileType = sourcecode.c.h; path = AppDelegate.h; sourceTree = "<group>"; };
		83E27A541E07DA7E000FE536 /* AppDelegate.m */ = {isa = PBXFileReference; lastKnownFileType = sourcecode.c.objc; path = AppDelegate.m; sourceTree = "<group>"; };
		83E27A561E07DA7E000FE536 /* ViewController.h */ = {isa = PBXFileReference; lastKnownFileType = sourcecode.c.h; path = ViewController.h; sourceTree = "<group>"; };
		83E27A571E07DA7E000FE536 /* ViewController.m */ = {isa = PBXFileReference; lastKnownFileType = sourcecode.c.objc; path = ViewController.m; sourceTree = "<group>"; };
		83E27A5A1E07DA7E000FE536 /* Base */ = {isa = PBXFileReference; lastKnownFileType = file.storyboard; name = Base; path = Base.lproj/Main.storyboard; sourceTree = "<group>"; };
		83E27A5C1E07DA7E000FE536 /* Assets.xcassets */ = {isa = PBXFileReference; lastKnownFileType = folder.assetcatalog; path = Assets.xcassets; sourceTree = "<group>"; };
		83E27A5F1E07DA7E000FE536 /* Base */ = {isa = PBXFileReference; lastKnownFileType = file.storyboard; name = Base; path = Base.lproj/LaunchScreen.storyboard; sourceTree = "<group>"; };
		83E27A611E07DA7E000FE536 /* Info.plist */ = {isa = PBXFileReference; lastKnownFileType = text.plist.xml; path = Info.plist; sourceTree = "<group>"; };
		83E27A681E07DAFE000FE536 /* LZRouterManager.h */ = {isa = PBXFileReference; fileEncoding = 4; lastKnownFileType = sourcecode.c.h; path = LZRouterManager.h; sourceTree = "<group>"; };
		83E27A691E07DAFE000FE536 /* LZRouterManager.m */ = {isa = PBXFileReference; fileEncoding = 4; lastKnownFileType = sourcecode.c.objc; path = LZRouterManager.m; sourceTree = "<group>"; };
		83E27A6A1E07DAFE000FE536 /* LZRouterManager.plist */ = {isa = PBXFileReference; fileEncoding = 4; lastKnownFileType = text.plist.xml; path = LZRouterManager.plist; sourceTree = "<group>"; };
		83E27A6D1E07DBEC000FE536 /* Test1ViewController.h */ = {isa = PBXFileReference; fileEncoding = 4; lastKnownFileType = sourcecode.c.h; path = Test1ViewController.h; sourceTree = "<group>"; };
		83E27A6E1E07DBEC000FE536 /* Test1ViewController.m */ = {isa = PBXFileReference; fileEncoding = 4; lastKnownFileType = sourcecode.c.objc; path = Test1ViewController.m; sourceTree = "<group>"; };
		83E27A701E07DC42000FE536 /* Test2ViewController.h */ = {isa = PBXFileReference; fileEncoding = 4; lastKnownFileType = sourcecode.c.h; path = Test2ViewController.h; sourceTree = "<group>"; };
		83E27A711E07DC42000FE536 /* Test2ViewController.m */ = {isa = PBXFileReference; fileEncoding = 4; lastKnownFileType = sourcecode.c.objc; path = Test2ViewController.m; sourceTree = "<group>"; };
/* End PBXFileReference section */

/* Begin PBXFrameworksBuildPhase section */
		83E27A4A1E07DA7E000FE536 /* Frameworks */ = {
			isa = PBXFrameworksBuildPhase;
			buildActionMask = 2147483647;
			files = (
			);
			runOnlyForDeploymentPostprocessing = 0;
		};
/* End PBXFrameworksBuildPhase section */

/* Begin PBXGroup section */
		83E27A441E07DA7E000FE536 = {
			isa = PBXGroup;
			children = (
				83E27A4F1E07DA7E000FE536 /* LZRouterManager */,
				83E27A4E1E07DA7E000FE536 /* Products */,
			);
			sourceTree = "<group>";
		};
		83E27A4E1E07DA7E000FE536 /* Products */ = {
			isa = PBXGroup;
			children = (
				83E27A4D1E07DA7E000FE536 /* LZRouterManager.app */,
			);
			name = Products;
			sourceTree = "<group>";
		};
		83E27A4F1E07DA7E000FE536 /* LZRouterManager */ = {
			isa = PBXGroup;
			children = (
				83E27A671E07DAFE000FE536 /* LZRouterManager */,
				83E27A531E07DA7E000FE536 /* AppDelegate.h */,
				83E27A541E07DA7E000FE536 /* AppDelegate.m */,
				83E27A561E07DA7E000FE536 /* ViewController.h */,
				83E27A571E07DA7E000FE536 /* ViewController.m */,
				83E27A591E07DA7E000FE536 /* Main.storyboard */,
				83E27A5C1E07DA7E000FE536 /* Assets.xcassets */,
				83E27A5E1E07DA7E000FE536 /* LaunchScreen.storyboard */,
				83E27A611E07DA7E000FE536 /* Info.plist */,
				83E27A501E07DA7E000FE536 /* Supporting Files */,
				83E27A6D1E07DBEC000FE536 /* Test1ViewController.h */,
				83E27A6E1E07DBEC000FE536 /* Test1ViewController.m */,
				83E27A701E07DC42000FE536 /* Test2ViewController.h */,
				83E27A711E07DC42000FE536 /* Test2ViewController.m */,
			);
			path = LZRouterManager;
			sourceTree = "<group>";
		};
		83E27A501E07DA7E000FE536 /* Supporting Files */ = {
			isa = PBXGroup;
			children = (
				83E27A511E07DA7E000FE536 /* main.m */,
			);
			name = "Supporting Files";
			sourceTree = "<group>";
		};
		83E27A671E07DAFE000FE536 /* LZRouterManager */ = {
			isa = PBXGroup;
			children = (
				83E27A681E07DAFE000FE536 /* LZRouterManager.h */,
				83E27A691E07DAFE000FE536 /* LZRouterManager.m */,
				83E27A6A1E07DAFE000FE536 /* LZRouterManager.plist */,
			);
			path = LZRouterManager;
			sourceTree = "<group>";
		};
/* End PBXGroup section */

/* Begin PBXNativeTarget section */
		83E27A4C1E07DA7E000FE536 /* LZRouterManager */ = {
			isa = PBXNativeTarget;
			buildConfigurationList = 83E27A641E07DA7E000FE536 /* Build configuration list for PBXNativeTarget "LZRouterManager" */;
			buildPhases = (
				83E27A491E07DA7E000FE536 /* Sources */,
				83E27A4A1E07DA7E000FE536 /* Frameworks */,
				83E27A4B1E07DA7E000FE536 /* Resources */,
			);
			buildRules = (
			);
			dependencies = (
			);
			name = LZRouterManager;
			productName = LZRouterManager;
			productReference = 83E27A4D1E07DA7E000FE536 /* LZRouterManager.app */;
			productType = "com.apple.product-type.application";
		};
/* End PBXNativeTarget section */

/* Begin PBXProject section */
		83E27A451E07DA7E000FE536 /* Project object */ = {
			isa = PBXProject;
			attributes = {
				LastUpgradeCheck = 0710;
				ORGANIZATIONNAME = LZZ;
				TargetAttributes = {
					83E27A4C1E07DA7E000FE536 = {
						CreatedOnToolsVersion = 7.1;
					};
				};
			};
			buildConfigurationList = 83E27A481E07DA7E000FE536 /* Build configuration list for PBXProject "LZRouterManager" */;
			compatibilityVersion = "Xcode 3.2";
			developmentRegion = English;
			hasScannedForEncodings = 0;
			knownRegions = (
				en,
				Base,
			);
			mainGroup = 83E27A441E07DA7E000FE536;
			productRefGroup = 83E27A4E1E07DA7E000FE536 /* Products */;
			projectDirPath = "";
			projectRoot = "";
			targets = (
				83E27A4C1E07DA7E000FE536 /* LZRouterManager */,
			);
		};
/* End PBXProject section */

/* Begin PBXResourcesBuildPhase section */
		83E27A4B1E07DA7E000FE536 /* Resources */ = {
			isa = PBXResourcesBuildPhase;
			buildActionMask = 2147483647;
			files = (
				83E27A601E07DA7E000FE536 /* LaunchScreen.storyboard in Resources */,
				83E27A6C1E07DAFE000FE536 /* LZRouterManager.plist in Resources */,
				83E27A5D1E07DA7E000FE536 /* Assets.xcassets in Resources */,
				83E27A5B1E07DA7E000FE536 /* Main.storyboard in Resources */,
			);
			runOnlyForDeploymentPostprocessing = 0;
		};
/* End PBXResourcesBuildPhase section */

/* Begin PBXSourcesBuildPhase section */
		83E27A491E07DA7E000FE536 /* Sources */ = {
			isa = PBXSourcesBuildPhase;
			buildActionMask = 2147483647;
			files = (
				83E27A581E07DA7E000FE536 /* ViewController.m in Sources */,
				83E27A6F1E07DBEC000FE536 /* Test1ViewController.m in Sources */,
				83E27A551E07DA7E000FE536 /* AppDelegate.m in Sources */,
				83E27A721E07DC42000FE536 /* Test2ViewController.m in Sources */,
				83E27A6B1E07DAFE000FE536 /* LZRouterManager.m in Sources */,
				83E27A521E07DA7E000FE536 /* main.m in Sources */,
			);
			runOnlyForDeploymentPostprocessing = 0;
		};
/* End PBXSourcesBuildPhase section */

/* Begin PBXVariantGroup section */
		83E27A591E07DA7E000FE536 /* Main.storyboard */ = {
			isa = PBXVariantGroup;
			children = (
				83E27A5A1E07DA7E000FE536 /* Base */,
			);
			name = Main.storyboard;
			sourceTree = "<group>";
		};
		83E27A5E1E07DA7E000FE536 /* LaunchScreen.storyboard */ = {
			isa = PBXVariantGroup;
			children = (
				83E27A5F1E07DA7E000FE536 /* Base */,
			);
			name = LaunchScreen.storyboard;
			sourceTree = "<group>";
		};
/* End PBXVariantGroup section */

/* Begin XCBuildConfiguration section */
		83E27A621E07DA7E000FE536 /* Debug */ = {
			isa = XCBuildConfiguration;
			buildSettings = {
				ALWAYS_SEARCH_USER_PATHS = NO;
				CLANG_CXX_LANGUAGE_STANDARD = "gnu++0x";
				CLANG_CXX_LIBRARY = "libc++";
				CLANG_ENABLE_MODULES = YES;
				CLANG_ENABLE_OBJC_ARC = YES;
				CLANG_WARN_BOOL_CONVERSION = YES;
				CLANG_WARN_CONSTANT_CONVERSION = YES;
				CLANG_WARN_DIRECT_OBJC_ISA_USAGE = YES_ERROR;
				CLANG_WARN_EMPTY_BODY = YES;
				CLANG_WARN_ENUM_CONVERSION = YES;
				CLANG_WARN_INT_CONVERSION = YES;
				CLANG_WARN_OBJC_ROOT_CLASS = YES_ERROR;
				CLANG_WARN_UNREACHABLE_CODE = YES;
				CLANG_WARN__DUPLICATE_METHOD_MATCH = YES;
				"CODE_SIGN_IDENTITY[sdk=iphoneos*]" = "iPhone Developer";
				COPY_PHASE_STRIP = NO;
				DEBUG_INFORMATION_FORMAT = dwarf;
				ENABLE_STRICT_OBJC_MSGSEND = YES;
				ENABLE_TESTABILITY = YES;
				GCC_C_LANGUAGE_STANDARD = gnu99;
				GCC_DYNAMIC_NO_PIC = NO;
				GCC_NO_COMMON_BLOCKS = YES;
				GCC_OPTIMIZATION_LEVEL = 0;
				GCC_PREPROCESSOR_DEFINITIONS = (
					"DEBUG=1",
					"$(inherited)",
				);
				GCC_WARN_64_TO_32_BIT_CONVERSION = YES;
				GCC_WARN_ABOUT_RETURN_TYPE = YES_ERROR;
				GCC_WARN_UNDECLARED_SELECTOR = YES;
				GCC_WARN_UNINITIALIZED_AUTOS = YES_AGGRESSIVE;
				GCC_WARN_UNUSED_FUNCTION = YES;
				GCC_WARN_UNUSED_VARIABLE = YES;
				IPHONEOS_DEPLOYMENT_TARGET = 9.1;
				MTL_ENABLE_DEBUG_INFO = YES;
				ONLY_ACTIVE_ARCH = YES;
				SDKROOT = iphoneos;
			};
			name = Debug;
		};
		83E27A631E07DA7E000FE536 /* Release */ = {
			isa = XCBuildConfiguration;
			buildSettings = {
				ALWAYS_SEARCH_USER_PATHS = NO;
				CLANG_CXX_LANGUAGE_STANDARD = "gnu++0x";
				CLANG_CXX_LIBRARY = "libc++";
				CLANG_ENABLE_MODULES = YES;
				CLANG_ENABLE_OBJC_ARC = YES;
				CLANG_WARN_BOOL_CONVERSION = YES;
				CLANG_WARN_CONSTANT_CONVERSION = YES;
				CLANG_WARN_DIRECT_OBJC_ISA_USAGE = YES_ERROR;
				CLANG_WARN_EMPTY_BODY = YES;
				CLANG_WARN_ENUM_CONVERSION = YES;
				CLANG_WARN_INT_CONVERSION = YES;
				CLANG_WARN_OBJC_ROOT_CLASS = YES_ERROR;
				CLANG_WARN_UNREACHABLE_CODE = YES;
				CLANG_WARN__DUPLICATE_METHOD_MATCH = YES;
				"CODE_SIGN_IDENTITY[sdk=iphoneos*]" = "iPhone Developer";
				COPY_PHASE_STRIP = NO;
				DEBUG_INFORMATION_FORMAT = "dwarf-with-dsym";
				ENABLE_NS_ASSERTIONS = NO;
				ENABLE_STRICT_OBJC_MSGSEND = YES;
				GCC_C_LANGUAGE_STANDARD = gnu99;
				GCC_NO_COMMON_BLOCKS = YES;
				GCC_WARN_64_TO_32_BIT_CONVERSION = YES;
				GCC_WARN_ABOUT_RETURN_TYPE = YES_ERROR;
				GCC_WARN_UNDECLARED_SELECTOR = YES;
				GCC_WARN_UNINITIALIZED_AUTOS = YES_AGGRESSIVE;
				GCC_WARN_UNUSED_FUNCTION = YES;
				GCC_WARN_UNUSED_VARIABLE = YES;
				IPHONEOS_DEPLOYMENT_TARGET = 9.1;
				MTL_ENABLE_DEBUG_INFO = NO;
				SDKROOT = iphoneos;
				VALIDATE_PRODUCT = YES;
			};
			name = Release;
		};
		83E27A651E07DA7E000FE536 /* Debug */ = {
			isa = XCBuildConfiguration;
			buildSettings = {
				ASSETCATALOG_COMPILER_APPICON_NAME = AppIcon;
				INFOPLIST_FILE = LZRouterManager/Info.plist;
				LD_RUNPATH_SEARCH_PATHS = "$(inherited) @executable_path/Frameworks";
				PRODUCT_BUNDLE_IDENTIFIER = com.LZZ.LZRouterManager;
				PRODUCT_NAME = "$(TARGET_NAME)";
			};
			name = Debug;
		};
		83E27A661E07DA7E000FE536 /* Release */ = {
			isa = XCBuildConfiguration;
			buildSettings = {
				ASSETCATALOG_COMPILER_APPICON_NAME = AppIcon;
				INFOPLIST_FILE = LZRouterManager/Info.plist;
				LD_RUNPATH_SEARCH_PATHS = "$(inherited) @executable_path/Frameworks";
				PRODUCT_BUNDLE_IDENTIFIER = com.LZZ.LZRouterManager;
				PRODUCT_NAME = "$(TARGET_NAME)";
			};
			name = Release;
		};
/* End XCBuildConfiguration section */

/* Begin XCConfigurationList section */
		83E27A481E07DA7E000FE536 /* Build configuration list for PBXProject "LZRouterManager" */ = {
			isa = XCConfigurationList;
			buildConfigurations = (
				83E27A621E07DA7E000FE536 /* Debug */,
				83E27A631E07DA7E000FE536 /* Release */,
			);
			defaultConfigurationIsVisible = 0;
			defaultConfigurationName = Release;
		};
		83E27A641E07DA7E000FE536 /* Build configuration list for PBXNativeTarget "LZRouterManager" */ = {
			isa = XCConfigurationList;
			buildConfigurations = (
				83E27A651E07DA7E000FE536 /* Debug */,
				83E27A661E07DA7E000FE536 /* Release */,
			);
			defaultConfigurationIsVisible = 0;
		};
/* End XCConfigurationList section */
	};
	rootObject = 83E27A451E07DA7E000FE536 /* Project object */;
}
